
Microsoft Visual Studio Solution File, Format Version 12.00
# Visual Studio Version 16
VisualStudioVersion = 16.0.33801.447
MinimumVisualStudioVersion = 10.0.40219.1
Project("{8BC9CEB8-8B4A-11D0-8D11-00A0C91BC942}") = "Lab_02", "Lab_02\Lab_02.vcxproj", "{60EF7A3A-00C1-486E-AC18-11524D9FF6EC}"
EndProject
Project("{8BC9CEB8-8B4A-11D0-8D11-00A0C91BC942}") = "Test", "..\Test\Test.vcxproj", "{70F5F361-708B-41B7-B63D-719DAFA7EF0A}"
EndProject
Project("{8BC9CEB8-8B4A-11D0-8D11-00A0C91BC942}") = "Less_05_ex_04_dynamic_memory_alloc", "Less_05_ex_04_dynamic_memory_alloc\Less_05_ex_04_dynamic_memory_alloc.vcxproj", "{C73DA2F0-EE1B-4449-98F2-FFDE8D6D14A9}"
EndProject
Project("{8BC9CEB8-8B4A-11D0-8D11-00A0C91BC942}") = "Less_05_ex_05_dynamic_memory_array", "Less_05_ex_05_dynamic_memory_array\Less_05_ex_05_dynamic_memory_array.vcxproj", "{6C7B3B00-B7FE-4902-A9A6-A1CB68F5B5D7}"
EndProject
Project("{8BC9CEB8-8B4A-11D0-8D11-00A0C91BC942}") = "Less_05_ex_01_composition", "Less_05_ex_01_composition\Less_05_ex_01_composition.vcxproj", "{D3A0AC64-B769-4D09-9167-A54203DB72D6}"
EndProject
Project("{8BC9CEB8-8B4A-11D0-8D11-00A0C91BC942}") = "Less_05_ex_02_friend_functions", "Less_05_ex_02_friend_functions\Less_05_ex_01_friend.vcxproj", "{CCB8C49B-52B2-421E-A606-C9186BC1ACBE}"
EndProject
Project("{8BC9CEB8-8B4A-11D0-8D11-00A0C91BC942}") = "Less_05_ex_03_friend_classes", "Less_05_ex_03_friend_classes\Less_05_ex_2_friend_classes.vcxproj", "{9238B92C-D07A-4786-891D-C6E2C533572E}"
EndProject
Project("{8BC9CEB8-8B4A-11D0-8D11-00A0C91BC942}") = "Less_06_ex_01_dynamic_mem", "Less_06_ex_01_dynamic_mem\Less_06_ex_01_dynamic_mem.vcxproj", "{25872549-A2BF-4E18-96FB-FAB233A8FFEF}"
EndProject
Project("{8BC9CEB8-8B4A-11D0-8D11-00A0C91BC942}") = "Less_06_ex_02_this_pointer", "Less_06_ex_02_this_pointer\Less_06_ex_02_this_pointer.vcxproj", "{EAB72BCE-A9B9-4ADC-9798-D03EAB0833FE}"
EndProject
Project("{8BC9CEB8-8B4A-11D0-8D11-00A0C91BC942}") = "Less_06_ex_03_copy_constr", "Less_06_ex_03_copy_constr\Less_06_ex_03_copy_constr.vcxproj", "{2D39C115-5174-4556-B919-742601BAF65F}"
EndProject
Project("{8BC9CEB8-8B4A-11D0-8D11-00A0C91BC942}") = "Lab_03_Circle", "Lab_03_Circle\Lab_03_Circle.vcxproj", "{37DEF232-643F-4203-9D8A-34724F430E74}"
EndProject
Project("{8BC9CEB8-8B4A-11D0-8D11-00A0C91BC942}") = "Less_07_ex_01_operator_overloading_class_Complex", "Less_07_ex_01_operator_overloading_class_Complex\Less_07_ex_01_operator_overloading_class_Complex.vcxproj", "{57FF4389-CAFA-4296-9F20-A4C217CC4378}"
EndProject
Project("{8BC9CEB8-8B4A-11D0-8D11-00A0C91BC942}") = "Less_07_ex_02_Array", "Less_07_ex_02_Array\Less_07_ex_02_Array.vcxproj", "{9D256F76-B51F-4AC3-87DA-B449DD9BA5C7}"
EndProject
Project("{8BC9CEB8-8B4A-11D0-8D11-00A0C91BC942}") = "Lab_04_polymonial", "Lab_04\Lab_04.vcxproj", "{37E698BD-4CC0-4024-A15F-90024F97B2DC}"
EndProject
Project("{8BC9CEB8-8B4A-11D0-8D11-00A0C91BC942}") = "Less_08_inheritance", "Less_08_inheritance\Less_08_inheritance.vcxproj", "{604B2E1A-70F6-4E09-8A21-BF27CA005BD3}"
EndProject
Project("{8BC9CEB8-8B4A-11D0-8D11-00A0C91BC942}") = "Less_08_inheritance_friend", "Less_08_inheritance_friend\Less_08_inheritance_friend.vcxproj", "{AACDE1F4-135E-4E59-9844-2B26EF0622BB}"
EndProject
Project("{8BC9CEB8-8B4A-11D0-8D11-00A0C91BC942}") = "Less_09_polymorphism", "Less_09_pilymorphism_2\Less_09_pilymorphism_2.vcxproj", "{EE225C59-9599-497C-A84C-C23D7327E12E}"
EndProject
Project("{8BC9CEB8-8B4A-11D0-8D11-00A0C91BC942}") = "Lab_06_operator_overloading_complex_numbers", "Lab_06_operator_overloading_complex_numbers\Lab_06_operator_overloading_complex_numbers.vcxproj", "{70FC7747-07D2-4F86-A71D-6E0F8A0FF08A}"
EndProject
Project("{FAE04EC0-301F-11D3-BF4B-00C04F79EFBC}") = "Less_10_ex_01_hello_world", "Less_10_ex_01_hello_world\Less_10_ex_01_hello_world.csproj", "{654C731F-25E4-4DD1-B6EE-163C9C25D5FF}"
EndProject
Project("{FAE04EC0-301F-11D3-BF4B-00C04F79EFBC}") = "Less_10_ex_02_factorial", "Less_10_ex_02_factorial\Less_10_ex_02_factorial.csproj", "{21955B24-8694-4284-B271-CC4D2D100D6D}"
EndProject
Project("{FAE04EC0-301F-11D3-BF4B-00C04F79EFBC}") = "Less_10_ex_03_mortgage", "Less_10_ex_03_morgage\Less_10_ex_03_mortgage.csproj", "{5ADCA9ED-CAF0-4DB7-9A59-376B663ED922}"
EndProject
Project("{FAE04EC0-301F-11D3-BF4B-00C04F79EFBC}") = "Less_10_ex_04_draw", "Draw\Less_10_ex_04_draw.csproj", "{837F1D78-ED93-4B30-9C6E-2BD10EECA48C}"
EndProject
Project("{FAE04EC0-301F-11D3-BF4B-00C04F79EFBC}") = "HelloWorld", "HelloWorld\HelloWorld.csproj", "{4C2A5460-C3D3-4EB2-B4C3-8C9BB41D4C92}"
EndProject
Project("{FAE04EC0-301F-11D3-BF4B-00C04F79EFBC}") = "Less_11_ex_01_graph", "Less_11_ex_01_graph\Less_11_ex_01_graph.csproj", "{1ACCA364-69CA-41D1-8ABF-8A4E98D054A4}"
EndProject
Project("{FAE04EC0-301F-11D3-BF4B-00C04F79EFBC}") = "Less_11_ex_02_graph", "Less_11_ex_02_graph\Less_11_ex_02_graph.csproj", "{ECBE0C03-F04B-4C3D-8FAE-988739AA3BFA}"
EndProject
Project("{FAE04EC0-301F-11D3-BF4B-00C04F79EFBC}") = "Class_11_10_08_factorial", "Class_11_10_08_factorial\Class_11_10_08_factorial.csproj", "{E8258B0E-CD66-4729-9F8B-320E08B8E8D4}"
EndProject
Project("{FAE04EC0-301F-11D3-BF4B-00C04F79EFBC}") = "Class_11_ex_02_finantial_calc", "Class_11_ex_02_finantial_calc\Class_11_ex_02_finantial_calc.csproj", "{E53CB648-D315-414D-A3EE-4278765D1E8C}"
EndProject
Project("{FAE04EC0-301F-11D3-BF4B-00C04F79EFBC}") = "Class_11_ex_03-paint", "Class_11_ex_03-paint\Class_11_ex_03-paint.csproj", "{BB2B02AA-9555-4584-967D-0680B6F7B58B}"
EndProject
Project("{8BC9CEB8-8B4A-11D0-8D11-00A0C91BC942}") = "Less_12_ex_01_dynamic_casting", "Less_12_ex_01_dynamic_casting\Less_12_ex_01_dynamic_casting.vcxproj", "{D746BF44-7CA1-4624-B3BC-A2D822880A67}"
EndProject
Project("{8BC9CEB8-8B4A-11D0-8D11-00A0C91BC942}") = "Less_12_ex_02_multiple_inheritance", "Less_12_ex_02_multiple_inheritance\Less_12_ex_02_multiple_inheritance.vcxproj", "{EA1DE798-E0AE-4439-8CD2-6314EAD8135A}"
EndProject
Project("{8BC9CEB8-8B4A-11D0-8D11-00A0C91BC942}") = "Less_12_ex_03_ambiguity", "Less_12_ex_03_ambiguity\Less_12_ex_03_ambiguity.vcxproj", "{98D650C9-2662-4962-BC76-C5B88E47DEFE}"
EndProject
Project("{8BC9CEB8-8B4A-11D0-8D11-00A0C91BC942}") = "Less_12_ex_04_virtual_inheritance", "Less_12_ex_04_virtual_inheritance\Less_12_ex_04_virtual_inheritance.vcxproj", "{E539083E-05DF-4840-B8C7-F50CFC1166E4}"
EndProject
Project("{8BC9CEB8-8B4A-11D0-8D11-00A0C91BC942}") = "Less_12_ex_05_dynamic_cast_mult_inh", "Less_12_ex_05_dynamic_cast_mult_inh\Less_12_ex_05_dynamic_cast_mult_inh.vcxproj", "{87F56271-0182-4508-964B-A2169CEFA5E6}"
EndProject
Project("{8BC9CEB8-8B4A-11D0-8D11-00A0C91BC942}") = "Lab_09_queue", "Lab_09_queue\Lab_09_queue.vcxproj", "{A67C2B97-3B80-42C1-AE0F-B4818627D86E}"
EndProject
Project("{8BC9CEB8-8B4A-11D0-8D11-00A0C91BC942}") = "Less_14_ex_01_function_templates", "Less_14_ex_01_function_templates\Less_14_ex_01_function_templates.vcxproj", "{955C2AB0-C856-42E0-BD18-C5CCFE766AB5}"
EndProject
Project("{8BC9CEB8-8B4A-11D0-8D11-00A0C91BC942}") = "Less_13_ex_02_templates_inheritance", "Less_13_ex_02_templates_inheritance\Less_13_ex_02_templates_inheritance.vcxproj", "{A50BC5B0-522B-4C29-B028-312735E0D05C}"
EndProject
Project("{8BC9CEB8-8B4A-11D0-8D11-00A0C91BC942}") = "Less_14_ex_02_function_templates", "Less_14_ex_02_function_templates\Less_14_ex_02_function_templates.vcxproj", "{87F7A2C2-6081-4126-9BE4-D2F365842DEB}"
EndProject
Project("{8BC9CEB8-8B4A-11D0-8D11-00A0C91BC942}") = "Less_13_ex_01_class_templates", "Less_13_ex_01_class_templates\Less_13_ex_01_class_templates.vcxproj", "{8768BEC8-D6BC-4091-ADCC-45EDD8EF2BD4}"
EndProject
Project("{8BC9CEB8-8B4A-11D0-8D11-00A0C91BC942}") = "Lab_09_Templates", "Lab_09_Templates\Lab_09_Templates.vcxproj", "{EC7A1344-2DFC-4647-902B-FD27E2417FDA}"
EndProject
Project("{8BC9CEB8-8B4A-11D0-8D11-00A0C91BC942}") = "Less_14_ex_03_function_templates", "Less_14_ex_03_function_templates\Less_14_ex_03_function_templates.vcxproj", "{94801508-92DC-4ADD-8C82-AF346D8E5C7B}"
EndProject
Project("{8BC9CEB8-8B4A-11D0-8D11-00A0C91BC942}") = "Less_14_ex_04_function_templates_with_param", "Less_14_ex_04_function_templates_with_param\Less_14_ex_04_function_templates_with_param.vcxproj", "{A51BF8A6-ED52-4E3C-8384-EA6D2562E08B}"
EndProject
Project("{8BC9CEB8-8B4A-11D0-8D11-00A0C91BC942}") = "Less_14_ex_05_class_template_with_default_param", "Less_14_ex_05_class_template_with_default_param\Less_14_ex_05_class_template_with_default_param.vcxproj", "{446B1A48-CD6B-4C54-A303-C825A7DF2A92}"
EndProject
Project("{8BC9CEB8-8B4A-11D0-8D11-00A0C91BC942}") = "Less_14_ex_06_function_with_template_param", "Less_14_ex_06_function_with_template_param\Less_14_ex_06_function_with_template_param.vcxproj", "{2CB8DF9B-D926-487D-B8DC-CF8F8322811E}"
EndProject
Project("{8BC9CEB8-8B4A-11D0-8D11-00A0C91BC942}") = "Less_14_ex_07_templates_inheritance", "Less_14_ex_07_templates_inheritance\Less_14_ex_07_templates_inheritance.vcxproj", "{E40604F9-A26D-4E94-BADC-84D677C5240C}"
EndProject
Global
	GlobalSection(SolutionConfigurationPlatforms) = preSolution
		Debug|Any CPU = Debug|Any CPU
		Debug|x64 = Debug|x64
		Debug|x86 = Debug|x86
		Release|Any CPU = Release|Any CPU
		Release|x64 = Release|x64
		Release|x86 = Release|x86
	EndGlobalSection
	GlobalSection(ProjectConfigurationPlatforms) = postSolution
		{60EF7A3A-00C1-486E-AC18-11524D9FF6EC}.Debug|Any CPU.ActiveCfg = Debug|Win32
		{60EF7A3A-00C1-486E-AC18-11524D9FF6EC}.Debug|x64.ActiveCfg = Debug|x64
		{60EF7A3A-00C1-486E-AC18-11524D9FF6EC}.Debug|x64.Build.0 = Debug|x64
		{60EF7A3A-00C1-486E-AC18-11524D9FF6EC}.Debug|x86.ActiveCfg = Debug|Win32
		{60EF7A3A-00C1-486E-AC18-11524D9FF6EC}.Debug|x86.Build.0 = Debug|Win32
		{60EF7A3A-00C1-486E-AC18-11524D9FF6EC}.Release|Any CPU.ActiveCfg = Release|Win32
		{60EF7A3A-00C1-486E-AC18-11524D9FF6EC}.Release|x64.ActiveCfg = Release|x64
		{60EF7A3A-00C1-486E-AC18-11524D9FF6EC}.Release|x64.Build.0 = Release|x64
		{60EF7A3A-00C1-486E-AC18-11524D9FF6EC}.Release|x86.ActiveCfg = Release|Win32
		{60EF7A3A-00C1-486E-AC18-11524D9FF6EC}.Release|x86.Build.0 = Release|Win32
		{70F5F361-708B-41B7-B63D-719DAFA7EF0A}.Debug|Any CPU.ActiveCfg = Debug|Win32
		{70F5F361-708B-41B7-B63D-719DAFA7EF0A}.Debug|x64.ActiveCfg = Debug|x64
		{70F5F361-708B-41B7-B63D-719DAFA7EF0A}.Debug|x64.Build.0 = Debug|x64
		{70F5F361-708B-41B7-B63D-719DAFA7EF0A}.Debug|x86.ActiveCfg = Debug|Win32
		{70F5F361-708B-41B7-B63D-719DAFA7EF0A}.Debug|x86.Build.0 = Debug|Win32
		{70F5F361-708B-41B7-B63D-719DAFA7EF0A}.Release|Any CPU.ActiveCfg = Release|Win32
		{70F5F361-708B-41B7-B63D-719DAFA7EF0A}.Release|x64.ActiveCfg = Release|x64
		{70F5F361-708B-41B7-B63D-719DAFA7EF0A}.Release|x64.Build.0 = Release|x64
		{70F5F361-708B-41B7-B63D-719DAFA7EF0A}.Release|x86.ActiveCfg = Release|Win32
		{70F5F361-708B-41B7-B63D-719DAFA7EF0A}.Release|x86.Build.0 = Release|Win32
		{C73DA2F0-EE1B-4449-98F2-FFDE8D6D14A9}.Debug|Any CPU.ActiveCfg = Debug|Win32
		{C73DA2F0-EE1B-4449-98F2-FFDE8D6D14A9}.Debug|x64.ActiveCfg = Debug|x64
		{C73DA2F0-EE1B-4449-98F2-FFDE8D6D14A9}.Debug|x64.Build.0 = Debug|x64
		{C73DA2F0-EE1B-4449-98F2-FFDE8D6D14A9}.Debug|x86.ActiveCfg = Debug|Win32
		{C73DA2F0-EE1B-4449-98F2-FFDE8D6D14A9}.Debug|x86.Build.0 = Debug|Win32
		{C73DA2F0-EE1B-4449-98F2-FFDE8D6D14A9}.Release|Any CPU.ActiveCfg = Release|Win32
		{C73DA2F0-EE1B-4449-98F2-FFDE8D6D14A9}.Release|x64.ActiveCfg = Release|x64
		{C73DA2F0-EE1B-4449-98F2-FFDE8D6D14A9}.Release|x64.Build.0 = Release|x64
		{C73DA2F0-EE1B-4449-98F2-FFDE8D6D14A9}.Release|x86.ActiveCfg = Release|Win32
		{C73DA2F0-EE1B-4449-98F2-FFDE8D6D14A9}.Release|x86.Build.0 = Release|Win32
		{6C7B3B00-B7FE-4902-A9A6-A1CB68F5B5D7}.Debug|Any CPU.ActiveCfg = Debug|Win32
		{6C7B3B00-B7FE-4902-A9A6-A1CB68F5B5D7}.Debug|x64.ActiveCfg = Debug|x64
		{6C7B3B00-B7FE-4902-A9A6-A1CB68F5B5D7}.Debug|x64.Build.0 = Debug|x64
		{6C7B3B00-B7FE-4902-A9A6-A1CB68F5B5D7}.Debug|x86.ActiveCfg = Debug|Win32
		{6C7B3B00-B7FE-4902-A9A6-A1CB68F5B5D7}.Debug|x86.Build.0 = Debug|Win32
		{6C7B3B00-B7FE-4902-A9A6-A1CB68F5B5D7}.Release|Any CPU.ActiveCfg = Release|Win32
		{6C7B3B00-B7FE-4902-A9A6-A1CB68F5B5D7}.Release|x64.ActiveCfg = Release|x64
		{6C7B3B00-B7FE-4902-A9A6-A1CB68F5B5D7}.Release|x64.Build.0 = Release|x64
		{6C7B3B00-B7FE-4902-A9A6-A1CB68F5B5D7}.Release|x86.ActiveCfg = Release|Win32
		{6C7B3B00-B7FE-4902-A9A6-A1CB68F5B5D7}.Release|x86.Build.0 = Release|Win32
		{D3A0AC64-B769-4D09-9167-A54203DB72D6}.Debug|Any CPU.ActiveCfg = Debug|Win32
		{D3A0AC64-B769-4D09-9167-A54203DB72D6}.Debug|x64.ActiveCfg = Debug|x64
		{D3A0AC64-B769-4D09-9167-A54203DB72D6}.Debug|x64.Build.0 = Debug|x64
		{D3A0AC64-B769-4D09-9167-A54203DB72D6}.Debug|x86.ActiveCfg = Debug|Win32
		{D3A0AC64-B769-4D09-9167-A54203DB72D6}.Debug|x86.Build.0 = Debug|Win32
		{D3A0AC64-B769-4D09-9167-A54203DB72D6}.Release|Any CPU.ActiveCfg = Release|Win32
		{D3A0AC64-B769-4D09-9167-A54203DB72D6}.Release|x64.ActiveCfg = Release|x64
		{D3A0AC64-B769-4D09-9167-A54203DB72D6}.Release|x64.Build.0 = Release|x64
		{D3A0AC64-B769-4D09-9167-A54203DB72D6}.Release|x86.ActiveCfg = Release|Win32
		{D3A0AC64-B769-4D09-9167-A54203DB72D6}.Release|x86.Build.0 = Release|Win32
		{CCB8C49B-52B2-421E-A606-C9186BC1ACBE}.Debug|Any CPU.ActiveCfg = Debug|Win32
		{CCB8C49B-52B2-421E-A606-C9186BC1ACBE}.Debug|x64.ActiveCfg = Debug|x64
		{CCB8C49B-52B2-421E-A606-C9186BC1ACBE}.Debug|x64.Build.0 = Debug|x64
		{CCB8C49B-52B2-421E-A606-C9186BC1ACBE}.Debug|x86.ActiveCfg = Debug|Win32
		{CCB8C49B-52B2-421E-A606-C9186BC1ACBE}.Debug|x86.Build.0 = Debug|Win32
		{CCB8C49B-52B2-421E-A606-C9186BC1ACBE}.Release|Any CPU.ActiveCfg = Release|Win32
		{CCB8C49B-52B2-421E-A606-C9186BC1ACBE}.Release|x64.ActiveCfg = Release|x64
		{CCB8C49B-52B2-421E-A606-C9186BC1ACBE}.Release|x64.Build.0 = Release|x64
		{CCB8C49B-52B2-421E-A606-C9186BC1ACBE}.Release|x86.ActiveCfg = Release|Win32
		{CCB8C49B-52B2-421E-A606-C9186BC1ACBE}.Release|x86.Build.0 = Release|Win32
		{9238B92C-D07A-4786-891D-C6E2C533572E}.Debug|Any CPU.ActiveCfg = Debug|Win32
		{9238B92C-D07A-4786-891D-C6E2C533572E}.Debug|x64.ActiveCfg = Debug|x64
		{9238B92C-D07A-4786-891D-C6E2C533572E}.Debug|x64.Build.0 = Debug|x64
		{9238B92C-D07A-4786-891D-C6E2C533572E}.Debug|x86.ActiveCfg = Debug|Win32
		{9238B92C-D07A-4786-891D-C6E2C533572E}.Debug|x86.Build.0 = Debug|Win32
		{9238B92C-D07A-4786-891D-C6E2C533572E}.Release|Any CPU.ActiveCfg = Release|Win32
		{9238B92C-D07A-4786-891D-C6E2C533572E}.Release|x64.ActiveCfg = Release|x64
		{9238B92C-D07A-4786-891D-C6E2C533572E}.Release|x64.Build.0 = Release|x64
		{9238B92C-D07A-4786-891D-C6E2C533572E}.Release|x86.ActiveCfg = Release|Win32
		{9238B92C-D07A-4786-891D-C6E2C533572E}.Release|x86.Build.0 = Release|Win32
		{25872549-A2BF-4E18-96FB-FAB233A8FFEF}.Debug|Any CPU.ActiveCfg = Debug|Win32
		{25872549-A2BF-4E18-96FB-FAB233A8FFEF}.Debug|x64.ActiveCfg = Debug|x64
		{25872549-A2BF-4E18-96FB-FAB233A8FFEF}.Debug|x64.Build.0 = Debug|x64
		{25872549-A2BF-4E18-96FB-FAB233A8FFEF}.Debug|x86.ActiveCfg = Debug|Win32
		{25872549-A2BF-4E18-96FB-FAB233A8FFEF}.Debug|x86.Build.0 = Debug|Win32
		{25872549-A2BF-4E18-96FB-FAB233A8FFEF}.Release|Any CPU.ActiveCfg = Release|Win32
		{25872549-A2BF-4E18-96FB-FAB233A8FFEF}.Release|x64.ActiveCfg = Release|x64
		{25872549-A2BF-4E18-96FB-FAB233A8FFEF}.Release|x64.Build.0 = Release|x64
		{25872549-A2BF-4E18-96FB-FAB233A8FFEF}.Release|x86.ActiveCfg = Release|Win32
		{25872549-A2BF-4E18-96FB-FAB233A8FFEF}.Release|x86.Build.0 = Release|Win32
		{EAB72BCE-A9B9-4ADC-9798-D03EAB0833FE}.Debug|Any CPU.ActiveCfg = Debug|Win32
		{EAB72BCE-A9B9-4ADC-9798-D03EAB0833FE}.Debug|x64.ActiveCfg = Debug|x64
		{EAB72BCE-A9B9-4ADC-9798-D03EAB0833FE}.Debug|x64.Build.0 = Debug|x64
		{EAB72BCE-A9B9-4ADC-9798-D03EAB0833FE}.Debug|x86.ActiveCfg = Debug|Win32
		{EAB72BCE-A9B9-4ADC-9798-D03EAB0833FE}.Debug|x86.Build.0 = Debug|Win32
		{EAB72BCE-A9B9-4ADC-9798-D03EAB0833FE}.Release|Any CPU.ActiveCfg = Release|Win32
		{EAB72BCE-A9B9-4ADC-9798-D03EAB0833FE}.Release|x64.ActiveCfg = Release|x64
		{EAB72BCE-A9B9-4ADC-9798-D03EAB0833FE}.Release|x64.Build.0 = Release|x64
		{EAB72BCE-A9B9-4ADC-9798-D03EAB0833FE}.Release|x86.ActiveCfg = Release|Win32
		{EAB72BCE-A9B9-4ADC-9798-D03EAB0833FE}.Release|x86.Build.0 = Release|Win32
		{2D39C115-5174-4556-B919-742601BAF65F}.Debug|Any CPU.ActiveCfg = Debug|Win32
		{2D39C115-5174-4556-B919-742601BAF65F}.Debug|x64.ActiveCfg = Debug|x64
		{2D39C115-5174-4556-B919-742601BAF65F}.Debug|x64.Build.0 = Debug|x64
		{2D39C115-5174-4556-B919-742601BAF65F}.Debug|x86.ActiveCfg = Debug|Win32
		{2D39C115-5174-4556-B919-742601BAF65F}.Debug|x86.Build.0 = Debug|Win32
		{2D39C115-5174-4556-B919-742601BAF65F}.Release|Any CPU.ActiveCfg = Release|Win32
		{2D39C115-5174-4556-B919-742601BAF65F}.Release|x64.ActiveCfg = Release|x64
		{2D39C115-5174-4556-B919-742601BAF65F}.Release|x64.Build.0 = Release|x64
		{2D39C115-5174-4556-B919-742601BAF65F}.Release|x86.ActiveCfg = Release|Win32
		{2D39C115-5174-4556-B919-742601BAF65F}.Release|x86.Build.0 = Release|Win32
		{37DEF232-643F-4203-9D8A-34724F430E74}.Debug|Any CPU.ActiveCfg = Debug|Win32
		{37DEF232-643F-4203-9D8A-34724F430E74}.Debug|x64.ActiveCfg = Debug|x64
		{37DEF232-643F-4203-9D8A-34724F430E74}.Debug|x64.Build.0 = Debug|x64
		{37DEF232-643F-4203-9D8A-34724F430E74}.Debug|x86.ActiveCfg = Debug|Win32
		{37DEF232-643F-4203-9D8A-34724F430E74}.Debug|x86.Build.0 = Debug|Win32
		{37DEF232-643F-4203-9D8A-34724F430E74}.Release|Any CPU.ActiveCfg = Release|Win32
		{37DEF232-643F-4203-9D8A-34724F430E74}.Release|x64.ActiveCfg = Release|x64
		{37DEF232-643F-4203-9D8A-34724F430E74}.Release|x64.Build.0 = Release|x64
		{37DEF232-643F-4203-9D8A-34724F430E74}.Release|x86.ActiveCfg = Release|Win32
		{37DEF232-643F-4203-9D8A-34724F430E74}.Release|x86.Build.0 = Release|Win32
		{57FF4389-CAFA-4296-9F20-A4C217CC4378}.Debug|Any CPU.ActiveCfg = Debug|Win32
		{57FF4389-CAFA-4296-9F20-A4C217CC4378}.Debug|x64.ActiveCfg = Debug|x64
		{57FF4389-CAFA-4296-9F20-A4C217CC4378}.Debug|x64.Build.0 = Debug|x64
		{57FF4389-CAFA-4296-9F20-A4C217CC4378}.Debug|x86.ActiveCfg = Debug|Win32
		{57FF4389-CAFA-4296-9F20-A4C217CC4378}.Debug|x86.Build.0 = Debug|Win32
		{57FF4389-CAFA-4296-9F20-A4C217CC4378}.Release|Any CPU.ActiveCfg = Release|Win32
		{57FF4389-CAFA-4296-9F20-A4C217CC4378}.Release|x64.ActiveCfg = Release|x64
		{57FF4389-CAFA-4296-9F20-A4C217CC4378}.Release|x64.Build.0 = Release|x64
		{57FF4389-CAFA-4296-9F20-A4C217CC4378}.Release|x86.ActiveCfg = Release|Win32
		{57FF4389-CAFA-4296-9F20-A4C217CC4378}.Release|x86.Build.0 = Release|Win32
		{9D256F76-B51F-4AC3-87DA-B449DD9BA5C7}.Debug|Any CPU.ActiveCfg = Debug|Win32
		{9D256F76-B51F-4AC3-87DA-B449DD9BA5C7}.Debug|x64.ActiveCfg = Debug|x64
		{9D256F76-B51F-4AC3-87DA-B449DD9BA5C7}.Debug|x64.Build.0 = Debug|x64
		{9D256F76-B51F-4AC3-87DA-B449DD9BA5C7}.Debug|x86.ActiveCfg = Debug|Win32
		{9D256F76-B51F-4AC3-87DA-B449DD9BA5C7}.Debug|x86.Build.0 = Debug|Win32
		{9D256F76-B51F-4AC3-87DA-B449DD9BA5C7}.Release|Any CPU.ActiveCfg = Release|Win32
		{9D256F76-B51F-4AC3-87DA-B449DD9BA5C7}.Release|x64.ActiveCfg = Release|x64
		{9D256F76-B51F-4AC3-87DA-B449DD9BA5C7}.Release|x64.Build.0 = Release|x64
		{9D256F76-B51F-4AC3-87DA-B449DD9BA5C7}.Release|x86.ActiveCfg = Release|Win32
		{9D256F76-B51F-4AC3-87DA-B449DD9BA5C7}.Release|x86.Build.0 = Release|Win32
		{37E698BD-4CC0-4024-A15F-90024F97B2DC}.Debug|Any CPU.ActiveCfg = Debug|Win32
		{37E698BD-4CC0-4024-A15F-90024F97B2DC}.Debug|x64.ActiveCfg = Debug|x64
		{37E698BD-4CC0-4024-A15F-90024F97B2DC}.Debug|x64.Build.0 = Debug|x64
		{37E698BD-4CC0-4024-A15F-90024F97B2DC}.Debug|x86.ActiveCfg = Debug|Win32
		{37E698BD-4CC0-4024-A15F-90024F97B2DC}.Debug|x86.Build.0 = Debug|Win32
		{37E698BD-4CC0-4024-A15F-90024F97B2DC}.Release|Any CPU.ActiveCfg = Release|Win32
		{37E698BD-4CC0-4024-A15F-90024F97B2DC}.Release|x64.ActiveCfg = Release|x64
		{37E698BD-4CC0-4024-A15F-90024F97B2DC}.Release|x64.Build.0 = Release|x64
		{37E698BD-4CC0-4024-A15F-90024F97B2DC}.Release|x86.ActiveCfg = Release|Win32
		{37E698BD-4CC0-4024-A15F-90024F97B2DC}.Release|x86.Build.0 = Release|Win32
		{604B2E1A-70F6-4E09-8A21-BF27CA005BD3}.Debug|Any CPU.ActiveCfg = Debug|Win32
		{604B2E1A-70F6-4E09-8A21-BF27CA005BD3}.Debug|x64.ActiveCfg = Debug|x64
		{604B2E1A-70F6-4E09-8A21-BF27CA005BD3}.Debug|x64.Build.0 = Debug|x64
		{604B2E1A-70F6-4E09-8A21-BF27CA005BD3}.Debug|x86.ActiveCfg = Debug|Win32
		{604B2E1A-70F6-4E09-8A21-BF27CA005BD3}.Debug|x86.Build.0 = Debug|Win32
		{604B2E1A-70F6-4E09-8A21-BF27CA005BD3}.Release|Any CPU.ActiveCfg = Release|Win32
		{604B2E1A-70F6-4E09-8A21-BF27CA005BD3}.Release|x64.ActiveCfg = Release|x64
		{604B2E1A-70F6-4E09-8A21-BF27CA005BD3}.Release|x64.Build.0 = Release|x64
		{604B2E1A-70F6-4E09-8A21-BF27CA005BD3}.Release|x86.ActiveCfg = Release|Win32
		{604B2E1A-70F6-4E09-8A21-BF27CA005BD3}.Release|x86.Build.0 = Release|Win32
		{AACDE1F4-135E-4E59-9844-2B26EF0622BB}.Debug|Any CPU.ActiveCfg = Debug|Win32
		{AACDE1F4-135E-4E59-9844-2B26EF0622BB}.Debug|x64.ActiveCfg = Debug|x64
		{AACDE1F4-135E-4E59-9844-2B26EF0622BB}.Debug|x64.Build.0 = Debug|x64
		{AACDE1F4-135E-4E59-9844-2B26EF0622BB}.Debug|x86.ActiveCfg = Debug|Win32
		{AACDE1F4-135E-4E59-9844-2B26EF0622BB}.Debug|x86.Build.0 = Debug|Win32
		{AACDE1F4-135E-4E59-9844-2B26EF0622BB}.Release|Any CPU.ActiveCfg = Release|Win32
		{AACDE1F4-135E-4E59-9844-2B26EF0622BB}.Release|x64.ActiveCfg = Release|x64
		{AACDE1F4-135E-4E59-9844-2B26EF0622BB}.Release|x64.Build.0 = Release|x64
		{AACDE1F4-135E-4E59-9844-2B26EF0622BB}.Release|x86.ActiveCfg = Release|Win32
		{AACDE1F4-135E-4E59-9844-2B26EF0622BB}.Release|x86.Build.0 = Release|Win32
		{EE225C59-9599-497C-A84C-C23D7327E12E}.Debug|Any CPU.ActiveCfg = Debug|Win32
		{EE225C59-9599-497C-A84C-C23D7327E12E}.Debug|x64.ActiveCfg = Debug|x64
		{EE225C59-9599-497C-A84C-C23D7327E12E}.Debug|x64.Build.0 = Debug|x64
		{EE225C59-9599-497C-A84C-C23D7327E12E}.Debug|x86.ActiveCfg = Debug|Win32
		{EE225C59-9599-497C-A84C-C23D7327E12E}.Debug|x86.Build.0 = Debug|Win32
		{EE225C59-9599-497C-A84C-C23D7327E12E}.Release|Any CPU.ActiveCfg = Release|Win32
		{EE225C59-9599-497C-A84C-C23D7327E12E}.Release|x64.ActiveCfg = Release|x64
		{EE225C59-9599-497C-A84C-C23D7327E12E}.Release|x64.Build.0 = Release|x64
		{EE225C59-9599-497C-A84C-C23D7327E12E}.Release|x86.ActiveCfg = Release|Win32
		{EE225C59-9599-497C-A84C-C23D7327E12E}.Release|x86.Build.0 = Release|Win32
		{70FC7747-07D2-4F86-A71D-6E0F8A0FF08A}.Debug|Any CPU.ActiveCfg = Debug|Win32
		{70FC7747-07D2-4F86-A71D-6E0F8A0FF08A}.Debug|x64.ActiveCfg = Debug|x64
		{70FC7747-07D2-4F86-A71D-6E0F8A0FF08A}.Debug|x64.Build.0 = Debug|x64
		{70FC7747-07D2-4F86-A71D-6E0F8A0FF08A}.Debug|x86.ActiveCfg = Debug|Win32
		{70FC7747-07D2-4F86-A71D-6E0F8A0FF08A}.Debug|x86.Build.0 = Debug|Win32
		{70FC7747-07D2-4F86-A71D-6E0F8A0FF08A}.Release|Any CPU.ActiveCfg = Release|Win32
		{70FC7747-07D2-4F86-A71D-6E0F8A0FF08A}.Release|x64.ActiveCfg = Release|x64
		{70FC7747-07D2-4F86-A71D-6E0F8A0FF08A}.Release|x64.Build.0 = Release|x64
		{70FC7747-07D2-4F86-A71D-6E0F8A0FF08A}.Release|x86.ActiveCfg = Release|Win32
		{70FC7747-07D2-4F86-A71D-6E0F8A0FF08A}.Release|x86.Build.0 = Release|Win32
		{654C731F-25E4-4DD1-B6EE-163C9C25D5FF}.Debug|Any CPU.ActiveCfg = Debug|Any CPU
		{654C731F-25E4-4DD1-B6EE-163C9C25D5FF}.Debug|Any CPU.Build.0 = Debug|Any CPU
		{654C731F-25E4-4DD1-B6EE-163C9C25D5FF}.Debug|x64.ActiveCfg = Debug|Any CPU
		{654C731F-25E4-4DD1-B6EE-163C9C25D5FF}.Debug|x64.Build.0 = Debug|Any CPU
		{654C731F-25E4-4DD1-B6EE-163C9C25D5FF}.Debug|x86.ActiveCfg = Debug|Any CPU
		{654C731F-25E4-4DD1-B6EE-163C9C25D5FF}.Debug|x86.Build.0 = Debug|Any CPU
		{654C731F-25E4-4DD1-B6EE-163C9C25D5FF}.Release|Any CPU.ActiveCfg = Release|Any CPU
		{654C731F-25E4-4DD1-B6EE-163C9C25D5FF}.Release|Any CPU.Build.0 = Release|Any CPU
		{654C731F-25E4-4DD1-B6EE-163C9C25D5FF}.Release|x64.ActiveCfg = Release|Any CPU
		{654C731F-25E4-4DD1-B6EE-163C9C25D5FF}.Release|x64.Build.0 = Release|Any CPU
		{654C731F-25E4-4DD1-B6EE-163C9C25D5FF}.Release|x86.ActiveCfg = Release|Any CPU
		{654C731F-25E4-4DD1-B6EE-163C9C25D5FF}.Release|x86.Build.0 = Release|Any CPU
		{21955B24-8694-4284-B271-CC4D2D100D6D}.Debug|Any CPU.ActiveCfg = Debug|Any CPU
		{21955B24-8694-4284-B271-CC4D2D100D6D}.Debug|Any CPU.Build.0 = Debug|Any CPU
		{21955B24-8694-4284-B271-CC4D2D100D6D}.Debug|x64.ActiveCfg = Debug|Any CPU
		{21955B24-8694-4284-B271-CC4D2D100D6D}.Debug|x64.Build.0 = Debug|Any CPU
		{21955B24-8694-4284-B271-CC4D2D100D6D}.Debug|x86.ActiveCfg = Debug|Any CPU
		{21955B24-8694-4284-B271-CC4D2D100D6D}.Debug|x86.Build.0 = Debug|Any CPU
		{21955B24-8694-4284-B271-CC4D2D100D6D}.Release|Any CPU.ActiveCfg = Release|Any CPU
		{21955B24-8694-4284-B271-CC4D2D100D6D}.Release|Any CPU.Build.0 = Release|Any CPU
		{21955B24-8694-4284-B271-CC4D2D100D6D}.Release|x64.ActiveCfg = Release|Any CPU
		{21955B24-8694-4284-B271-CC4D2D100D6D}.Release|x64.Build.0 = Release|Any CPU
		{21955B24-8694-4284-B271-CC4D2D100D6D}.Release|x86.ActiveCfg = Release|Any CPU
		{21955B24-8694-4284-B271-CC4D2D100D6D}.Release|x86.Build.0 = Release|Any CPU
		{5ADCA9ED-CAF0-4DB7-9A59-376B663ED922}.Debug|Any CPU.ActiveCfg = Debug|Any CPU
		{5ADCA9ED-CAF0-4DB7-9A59-376B663ED922}.Debug|Any CPU.Build.0 = Debug|Any CPU
		{5ADCA9ED-CAF0-4DB7-9A59-376B663ED922}.Debug|x64.ActiveCfg = Debug|Any CPU
		{5ADCA9ED-CAF0-4DB7-9A59-376B663ED922}.Debug|x64.Build.0 = Debug|Any CPU
		{5ADCA9ED-CAF0-4DB7-9A59-376B663ED922}.Debug|x86.ActiveCfg = Debug|Any CPU
		{5ADCA9ED-CAF0-4DB7-9A59-376B663ED922}.Debug|x86.Build.0 = Debug|Any CPU
		{5ADCA9ED-CAF0-4DB7-9A59-376B663ED922}.Release|Any CPU.ActiveCfg = Release|Any CPU
		{5ADCA9ED-CAF0-4DB7-9A59-376B663ED922}.Release|Any CPU.Build.0 = Release|Any CPU
		{5ADCA9ED-CAF0-4DB7-9A59-376B663ED922}.Release|x64.ActiveCfg = Release|Any CPU
		{5ADCA9ED-CAF0-4DB7-9A59-376B663ED922}.Release|x64.Build.0 = Release|Any CPU
		{5ADCA9ED-CAF0-4DB7-9A59-376B663ED922}.Release|x86.ActiveCfg = Release|Any CPU
		{5ADCA9ED-CAF0-4DB7-9A59-376B663ED922}.Release|x86.Build.0 = Release|Any CPU
		{837F1D78-ED93-4B30-9C6E-2BD10EECA48C}.Debug|Any CPU.ActiveCfg = Debug|Any CPU
		{837F1D78-ED93-4B30-9C6E-2BD10EECA48C}.Debug|Any CPU.Build.0 = Debug|Any CPU
		{837F1D78-ED93-4B30-9C6E-2BD10EECA48C}.Debug|x64.ActiveCfg = Debug|Any CPU
		{837F1D78-ED93-4B30-9C6E-2BD10EECA48C}.Debug|x64.Build.0 = Debug|Any CPU
		{837F1D78-ED93-4B30-9C6E-2BD10EECA48C}.Debug|x86.ActiveCfg = Debug|Any CPU
		{837F1D78-ED93-4B30-9C6E-2BD10EECA48C}.Debug|x86.Build.0 = Debug|Any CPU
		{837F1D78-ED93-4B30-9C6E-2BD10EECA48C}.Release|Any CPU.ActiveCfg = Release|Any CPU
		{837F1D78-ED93-4B30-9C6E-2BD10EECA48C}.Release|Any CPU.Build.0 = Release|Any CPU
		{837F1D78-ED93-4B30-9C6E-2BD10EECA48C}.Release|x64.ActiveCfg = Release|Any CPU
		{837F1D78-ED93-4B30-9C6E-2BD10EECA48C}.Release|x64.Build.0 = Release|Any CPU
		{837F1D78-ED93-4B30-9C6E-2BD10EECA48C}.Release|x86.ActiveCfg = Release|Any CPU
		{837F1D78-ED93-4B30-9C6E-2BD10EECA48C}.Release|x86.Build.0 = Release|Any CPU
		{4C2A5460-C3D3-4EB2-B4C3-8C9BB41D4C92}.Debug|Any CPU.ActiveCfg = Debug|Any CPU
		{4C2A5460-C3D3-4EB2-B4C3-8C9BB41D4C92}.Debug|Any CPU.Build.0 = Debug|Any CPU
		{4C2A5460-C3D3-4EB2-B4C3-8C9BB41D4C92}.Debug|x64.ActiveCfg = Debug|Any CPU
		{4C2A5460-C3D3-4EB2-B4C3-8C9BB41D4C92}.Debug|x64.Build.0 = Debug|Any CPU
		{4C2A5460-C3D3-4EB2-B4C3-8C9BB41D4C92}.Debug|x86.ActiveCfg = Debug|Any CPU
		{4C2A5460-C3D3-4EB2-B4C3-8C9BB41D4C92}.Debug|x86.Build.0 = Debug|Any CPU
		{4C2A5460-C3D3-4EB2-B4C3-8C9BB41D4C92}.Release|Any CPU.ActiveCfg = Release|Any CPU
		{4C2A5460-C3D3-4EB2-B4C3-8C9BB41D4C92}.Release|Any CPU.Build.0 = Release|Any CPU
		{4C2A5460-C3D3-4EB2-B4C3-8C9BB41D4C92}.Release|x64.ActiveCfg = Release|Any CPU
		{4C2A5460-C3D3-4EB2-B4C3-8C9BB41D4C92}.Release|x64.Build.0 = Release|Any CPU
		{4C2A5460-C3D3-4EB2-B4C3-8C9BB41D4C92}.Release|x86.ActiveCfg = Release|Any CPU
		{4C2A5460-C3D3-4EB2-B4C3-8C9BB41D4C92}.Release|x86.Build.0 = Release|Any CPU
		{1ACCA364-69CA-41D1-8ABF-8A4E98D054A4}.Debug|Any CPU.ActiveCfg = Debug|Any CPU
		{1ACCA364-69CA-41D1-8ABF-8A4E98D054A4}.Debug|Any CPU.Build.0 = Debug|Any CPU
		{1ACCA364-69CA-41D1-8ABF-8A4E98D054A4}.Debug|x64.ActiveCfg = Debug|Any CPU
		{1ACCA364-69CA-41D1-8ABF-8A4E98D054A4}.Debug|x64.Build.0 = Debug|Any CPU
		{1ACCA364-69CA-41D1-8ABF-8A4E98D054A4}.Debug|x86.ActiveCfg = Debug|Any CPU
		{1ACCA364-69CA-41D1-8ABF-8A4E98D054A4}.Debug|x86.Build.0 = Debug|Any CPU
		{1ACCA364-69CA-41D1-8ABF-8A4E98D054A4}.Release|Any CPU.ActiveCfg = Release|Any CPU
		{1ACCA364-69CA-41D1-8ABF-8A4E98D054A4}.Release|Any CPU.Build.0 = Release|Any CPU
		{1ACCA364-69CA-41D1-8ABF-8A4E98D054A4}.Release|x64.ActiveCfg = Release|Any CPU
		{1ACCA364-69CA-41D1-8ABF-8A4E98D054A4}.Release|x64.Build.0 = Release|Any CPU
		{1ACCA364-69CA-41D1-8ABF-8A4E98D054A4}.Release|x86.ActiveCfg = Release|Any CPU
		{1ACCA364-69CA-41D1-8ABF-8A4E98D054A4}.Release|x86.Build.0 = Release|Any CPU
		{ECBE0C03-F04B-4C3D-8FAE-988739AA3BFA}.Debug|Any CPU.ActiveCfg = Debug|Any CPU
		{ECBE0C03-F04B-4C3D-8FAE-988739AA3BFA}.Debug|Any CPU.Build.0 = Debug|Any CPU
		{ECBE0C03-F04B-4C3D-8FAE-988739AA3BFA}.Debug|x64.ActiveCfg = Debug|Any CPU
		{ECBE0C03-F04B-4C3D-8FAE-988739AA3BFA}.Debug|x64.Build.0 = Debug|Any CPU
		{ECBE0C03-F04B-4C3D-8FAE-988739AA3BFA}.Debug|x86.ActiveCfg = Debug|Any CPU
		{ECBE0C03-F04B-4C3D-8FAE-988739AA3BFA}.Debug|x86.Build.0 = Debug|Any CPU
		{ECBE0C03-F04B-4C3D-8FAE-988739AA3BFA}.Release|Any CPU.ActiveCfg = Release|Any CPU
		{ECBE0C03-F04B-4C3D-8FAE-988739AA3BFA}.Release|Any CPU.Build.0 = Release|Any CPU
		{ECBE0C03-F04B-4C3D-8FAE-988739AA3BFA}.Release|x64.ActiveCfg = Release|Any CPU
		{ECBE0C03-F04B-4C3D-8FAE-988739AA3BFA}.Release|x64.Build.0 = Release|Any CPU
		{ECBE0C03-F04B-4C3D-8FAE-988739AA3BFA}.Release|x86.ActiveCfg = Release|Any CPU
		{ECBE0C03-F04B-4C3D-8FAE-988739AA3BFA}.Release|x86.Build.0 = Release|Any CPU
		{E8258B0E-CD66-4729-9F8B-320E08B8E8D4}.Debug|Any CPU.ActiveCfg = Debug|Any CPU
		{E8258B0E-CD66-4729-9F8B-320E08B8E8D4}.Debug|Any CPU.Build.0 = Debug|Any CPU
		{E8258B0E-CD66-4729-9F8B-320E08B8E8D4}.Debug|x64.ActiveCfg = Debug|Any CPU
		{E8258B0E-CD66-4729-9F8B-320E08B8E8D4}.Debug|x64.Build.0 = Debug|Any CPU
		{E8258B0E-CD66-4729-9F8B-320E08B8E8D4}.Debug|x86.ActiveCfg = Debug|Any CPU
		{E8258B0E-CD66-4729-9F8B-320E08B8E8D4}.Debug|x86.Build.0 = Debug|Any CPU
		{E8258B0E-CD66-4729-9F8B-320E08B8E8D4}.Release|Any CPU.ActiveCfg = Release|Any CPU
		{E8258B0E-CD66-4729-9F8B-320E08B8E8D4}.Release|Any CPU.Build.0 = Release|Any CPU
		{E8258B0E-CD66-4729-9F8B-320E08B8E8D4}.Release|x64.ActiveCfg = Release|Any CPU
		{E8258B0E-CD66-4729-9F8B-320E08B8E8D4}.Release|x64.Build.0 = Release|Any CPU
		{E8258B0E-CD66-4729-9F8B-320E08B8E8D4}.Release|x86.ActiveCfg = Release|Any CPU
		{E8258B0E-CD66-4729-9F8B-320E08B8E8D4}.Release|x86.Build.0 = Release|Any CPU
		{E53CB648-D315-414D-A3EE-4278765D1E8C}.Debug|Any CPU.ActiveCfg = Debug|Any CPU
		{E53CB648-D315-414D-A3EE-4278765D1E8C}.Debug|Any CPU.Build.0 = Debug|Any CPU
		{E53CB648-D315-414D-A3EE-4278765D1E8C}.Debug|x64.ActiveCfg = Debug|Any CPU
		{E53CB648-D315-414D-A3EE-4278765D1E8C}.Debug|x64.Build.0 = Debug|Any CPU
		{E53CB648-D315-414D-A3EE-4278765D1E8C}.Debug|x86.ActiveCfg = Debug|Any CPU
		{E53CB648-D315-414D-A3EE-4278765D1E8C}.Debug|x86.Build.0 = Debug|Any CPU
		{E53CB648-D315-414D-A3EE-4278765D1E8C}.Release|Any CPU.ActiveCfg = Release|Any CPU
		{E53CB648-D315-414D-A3EE-4278765D1E8C}.Release|Any CPU.Build.0 = Release|Any CPU
		{E53CB648-D315-414D-A3EE-4278765D1E8C}.Release|x64.ActiveCfg = Release|Any CPU
		{E53CB648-D315-414D-A3EE-4278765D1E8C}.Release|x64.Build.0 = Release|Any CPU
		{E53CB648-D315-414D-A3EE-4278765D1E8C}.Release|x86.ActiveCfg = Release|Any CPU
		{E53CB648-D315-414D-A3EE-4278765D1E8C}.Release|x86.Build.0 = Release|Any CPU
		{BB2B02AA-9555-4584-967D-0680B6F7B58B}.Debug|Any CPU.ActiveCfg = Debug|Any CPU
		{BB2B02AA-9555-4584-967D-0680B6F7B58B}.Debug|Any CPU.Build.0 = Debug|Any CPU
		{BB2B02AA-9555-4584-967D-0680B6F7B58B}.Debug|x64.ActiveCfg = Debug|Any CPU
		{BB2B02AA-9555-4584-967D-0680B6F7B58B}.Debug|x64.Build.0 = Debug|Any CPU
		{BB2B02AA-9555-4584-967D-0680B6F7B58B}.Debug|x86.ActiveCfg = Debug|Any CPU
		{BB2B02AA-9555-4584-967D-0680B6F7B58B}.Debug|x86.Build.0 = Debug|Any CPU
		{BB2B02AA-9555-4584-967D-0680B6F7B58B}.Release|Any CPU.ActiveCfg = Release|Any CPU
		{BB2B02AA-9555-4584-967D-0680B6F7B58B}.Release|Any CPU.Build.0 = Release|Any CPU
		{BB2B02AA-9555-4584-967D-0680B6F7B58B}.Release|x64.ActiveCfg = Release|Any CPU
		{BB2B02AA-9555-4584-967D-0680B6F7B58B}.Release|x64.Build.0 = Release|Any CPU
		{BB2B02AA-9555-4584-967D-0680B6F7B58B}.Release|x86.ActiveCfg = Release|Any CPU
		{BB2B02AA-9555-4584-967D-0680B6F7B58B}.Release|x86.Build.0 = Release|Any CPU
		{D746BF44-7CA1-4624-B3BC-A2D822880A67}.Debug|Any CPU.ActiveCfg = Debug|Win32
		{D746BF44-7CA1-4624-B3BC-A2D822880A67}.Debug|x64.ActiveCfg = Debug|x64
		{D746BF44-7CA1-4624-B3BC-A2D822880A67}.Debug|x64.Build.0 = Debug|x64
		{D746BF44-7CA1-4624-B3BC-A2D822880A67}.Debug|x86.ActiveCfg = Debug|Win32
		{D746BF44-7CA1-4624-B3BC-A2D822880A67}.Debug|x86.Build.0 = Debug|Win32
		{D746BF44-7CA1-4624-B3BC-A2D822880A67}.Release|Any CPU.ActiveCfg = Release|Win32
		{D746BF44-7CA1-4624-B3BC-A2D822880A67}.Release|x64.ActiveCfg = Release|x64
		{D746BF44-7CA1-4624-B3BC-A2D822880A67}.Release|x64.Build.0 = Release|x64
		{D746BF44-7CA1-4624-B3BC-A2D822880A67}.Release|x86.ActiveCfg = Release|Win32
		{D746BF44-7CA1-4624-B3BC-A2D822880A67}.Release|x86.Build.0 = Release|Win32
		{EA1DE798-E0AE-4439-8CD2-6314EAD8135A}.Debug|Any CPU.ActiveCfg = Debug|Win32
		{EA1DE798-E0AE-4439-8CD2-6314EAD8135A}.Debug|x64.ActiveCfg = Debug|x64
		{EA1DE798-E0AE-4439-8CD2-6314EAD8135A}.Debug|x64.Build.0 = Debug|x64
		{EA1DE798-E0AE-4439-8CD2-6314EAD8135A}.Debug|x86.ActiveCfg = Debug|Win32
		{EA1DE798-E0AE-4439-8CD2-6314EAD8135A}.Debug|x86.Build.0 = Debug|Win32
		{EA1DE798-E0AE-4439-8CD2-6314EAD8135A}.Release|Any CPU.ActiveCfg = Release|Win32
		{EA1DE798-E0AE-4439-8CD2-6314EAD8135A}.Release|x64.ActiveCfg = Release|x64
		{EA1DE798-E0AE-4439-8CD2-6314EAD8135A}.Release|x64.Build.0 = Release|x64
		{EA1DE798-E0AE-4439-8CD2-6314EAD8135A}.Release|x86.ActiveCfg = Release|Win32
		{EA1DE798-E0AE-4439-8CD2-6314EAD8135A}.Release|x86.Build.0 = Release|Win32
		{98D650C9-2662-4962-BC76-C5B88E47DEFE}.Debug|Any CPU.ActiveCfg = Debug|Win32
		{98D650C9-2662-4962-BC76-C5B88E47DEFE}.Debug|x64.ActiveCfg = Debug|x64
		{98D650C9-2662-4962-BC76-C5B88E47DEFE}.Debug|x64.Build.0 = Debug|x64
		{98D650C9-2662-4962-BC76-C5B88E47DEFE}.Debug|x86.ActiveCfg = Debug|Win32
		{98D650C9-2662-4962-BC76-C5B88E47DEFE}.Debug|x86.Build.0 = Debug|Win32
		{98D650C9-2662-4962-BC76-C5B88E47DEFE}.Release|Any CPU.ActiveCfg = Release|Win32
		{98D650C9-2662-4962-BC76-C5B88E47DEFE}.Release|x64.ActiveCfg = Release|x64
		{98D650C9-2662-4962-BC76-C5B88E47DEFE}.Release|x64.Build.0 = Release|x64
		{98D650C9-2662-4962-BC76-C5B88E47DEFE}.Release|x86.ActiveCfg = Release|Win32
		{98D650C9-2662-4962-BC76-C5B88E47DEFE}.Release|x86.Build.0 = Release|Win32
		{E539083E-05DF-4840-B8C7-F50CFC1166E4}.Debug|Any CPU.ActiveCfg = Debug|Win32
		{E539083E-05DF-4840-B8C7-F50CFC1166E4}.Debug|x64.ActiveCfg = Debug|x64
		{E539083E-05DF-4840-B8C7-F50CFC1166E4}.Debug|x64.Build.0 = Debug|x64
		{E539083E-05DF-4840-B8C7-F50CFC1166E4}.Debug|x86.ActiveCfg = Debug|Win32
		{E539083E-05DF-4840-B8C7-F50CFC1166E4}.Debug|x86.Build.0 = Debug|Win32
		{E539083E-05DF-4840-B8C7-F50CFC1166E4}.Release|Any CPU.ActiveCfg = Release|Win32
		{E539083E-05DF-4840-B8C7-F50CFC1166E4}.Release|x64.ActiveCfg = Release|x64
		{E539083E-05DF-4840-B8C7-F50CFC1166E4}.Release|x64.Build.0 = Release|x64
		{E539083E-05DF-4840-B8C7-F50CFC1166E4}.Release|x86.ActiveCfg = Release|Win32
		{E539083E-05DF-4840-B8C7-F50CFC1166E4}.Release|x86.Build.0 = Release|Win32
		{87F56271-0182-4508-964B-A2169CEFA5E6}.Debug|Any CPU.ActiveCfg = Debug|Win32
		{87F56271-0182-4508-964B-A2169CEFA5E6}.Debug|x64.ActiveCfg = Debug|x64
		{87F56271-0182-4508-964B-A2169CEFA5E6}.Debug|x64.Build.0 = Debug|x64
		{87F56271-0182-4508-964B-A2169CEFA5E6}.Debug|x86.ActiveCfg = Debug|Win32
		{87F56271-0182-4508-964B-A2169CEFA5E6}.Debug|x86.Build.0 = Debug|Win32
		{87F56271-0182-4508-964B-A2169CEFA5E6}.Release|Any CPU.ActiveCfg = Release|Win32
		{87F56271-0182-4508-964B-A2169CEFA5E6}.Release|x64.ActiveCfg = Release|x64
		{87F56271-0182-4508-964B-A2169CEFA5E6}.Release|x64.Build.0 = Release|x64
		{87F56271-0182-4508-964B-A2169CEFA5E6}.Release|x86.ActiveCfg = Release|Win32
		{87F56271-0182-4508-964B-A2169CEFA5E6}.Release|x86.Build.0 = Release|Win32
		{A67C2B97-3B80-42C1-AE0F-B4818627D86E}.Debug|Any CPU.ActiveCfg = Debug|Win32
		{A67C2B97-3B80-42C1-AE0F-B4818627D86E}.Debug|x64.ActiveCfg = Debug|x64
		{A67C2B97-3B80-42C1-AE0F-B4818627D86E}.Debug|x64.Build.0 = Debug|x64
		{A67C2B97-3B80-42C1-AE0F-B4818627D86E}.Debug|x86.ActiveCfg = Debug|Win32
		{A67C2B97-3B80-42C1-AE0F-B4818627D86E}.Debug|x86.Build.0 = Debug|Win32
		{A67C2B97-3B80-42C1-AE0F-B4818627D86E}.Release|Any CPU.ActiveCfg = Release|Win32
		{A67C2B97-3B80-42C1-AE0F-B4818627D86E}.Release|x64.ActiveCfg = Release|x64
		{A67C2B97-3B80-42C1-AE0F-B4818627D86E}.Release|x64.Build.0 = Release|x64
		{A67C2B97-3B80-42C1-AE0F-B4818627D86E}.Release|x86.ActiveCfg = Release|Win32
		{A67C2B97-3B80-42C1-AE0F-B4818627D86E}.Release|x86.Build.0 = Release|Win32
		{955C2AB0-C856-42E0-BD18-C5CCFE766AB5}.Debug|Any CPU.ActiveCfg = Debug|Win32
		{955C2AB0-C856-42E0-BD18-C5CCFE766AB5}.Debug|x64.ActiveCfg = Debug|x64
		{955C2AB0-C856-42E0-BD18-C5CCFE766AB5}.Debug|x64.Build.0 = Debug|x64
		{955C2AB0-C856-42E0-BD18-C5CCFE766AB5}.Debug|x86.ActiveCfg = Debug|Win32
		{955C2AB0-C856-42E0-BD18-C5CCFE766AB5}.Debug|x86.Build.0 = Debug|Win32
		{955C2AB0-C856-42E0-BD18-C5CCFE766AB5}.Release|Any CPU.ActiveCfg = Release|Win32
		{955C2AB0-C856-42E0-BD18-C5CCFE766AB5}.Release|x64.ActiveCfg = Release|x64
		{955C2AB0-C856-42E0-BD18-C5CCFE766AB5}.Release|x64.Build.0 = Release|x64
		{955C2AB0-C856-42E0-BD18-C5CCFE766AB5}.Release|x86.ActiveCfg = Release|Win32
		{955C2AB0-C856-42E0-BD18-C5CCFE766AB5}.Release|x86.Build.0 = Release|Win32
		{A50BC5B0-522B-4C29-B028-312735E0D05C}.Debug|Any CPU.ActiveCfg = Debug|Win32
		{A50BC5B0-522B-4C29-B028-312735E0D05C}.Debug|x64.ActiveCfg = Debug|x64
		{A50BC5B0-522B-4C29-B028-312735E0D05C}.Debug|x64.Build.0 = Debug|x64
		{A50BC5B0-522B-4C29-B028-312735E0D05C}.Debug|x86.ActiveCfg = Debug|Win32
		{A50BC5B0-522B-4C29-B028-312735E0D05C}.Debug|x86.Build.0 = Debug|Win32
		{A50BC5B0-522B-4C29-B028-312735E0D05C}.Release|Any CPU.ActiveCfg = Release|Win32
		{A50BC5B0-522B-4C29-B028-312735E0D05C}.Release|x64.ActiveCfg = Release|x64
		{A50BC5B0-522B-4C29-B028-312735E0D05C}.Release|x64.Build.0 = Release|x64
		{A50BC5B0-522B-4C29-B028-312735E0D05C}.Release|x86.ActiveCfg = Release|Win32
		{A50BC5B0-522B-4C29-B028-312735E0D05C}.Release|x86.Build.0 = Release|Win32
		{87F7A2C2-6081-4126-9BE4-D2F365842DEB}.Debug|Any CPU.ActiveCfg = Debug|Win32
		{87F7A2C2-6081-4126-9BE4-D2F365842DEB}.Debug|x64.ActiveCfg = Debug|x64
		{87F7A2C2-6081-4126-9BE4-D2F365842DEB}.Debug|x64.Build.0 = Debug|x64
		{87F7A2C2-6081-4126-9BE4-D2F365842DEB}.Debug|x86.ActiveCfg = Debug|Win32
		{87F7A2C2-6081-4126-9BE4-D2F365842DEB}.Debug|x86.Build.0 = Debug|Win32
		{87F7A2C2-6081-4126-9BE4-D2F365842DEB}.Release|Any CPU.ActiveCfg = Release|Win32
		{87F7A2C2-6081-4126-9BE4-D2F365842DEB}.Release|x64.ActiveCfg = Release|x64
		{87F7A2C2-6081-4126-9BE4-D2F365842DEB}.Release|x64.Build.0 = Release|x64
		{87F7A2C2-6081-4126-9BE4-D2F365842DEB}.Release|x86.ActiveCfg = Release|Win32
		{87F7A2C2-6081-4126-9BE4-D2F365842DEB}.Release|x86.Build.0 = Release|Win32
		{8768BEC8-D6BC-4091-ADCC-45EDD8EF2BD4}.Debug|Any CPU.ActiveCfg = Debug|Win32
		{8768BEC8-D6BC-4091-ADCC-45EDD8EF2BD4}.Debug|x64.ActiveCfg = Debug|x64
		{8768BEC8-D6BC-4091-ADCC-45EDD8EF2BD4}.Debug|x64.Build.0 = Debug|x64
		{8768BEC8-D6BC-4091-ADCC-45EDD8EF2BD4}.Debug|x86.ActiveCfg = Debug|Win32
		{8768BEC8-D6BC-4091-ADCC-45EDD8EF2BD4}.Debug|x86.Build.0 = Debug|Win32
		{8768BEC8-D6BC-4091-ADCC-45EDD8EF2BD4}.Release|Any CPU.ActiveCfg = Release|Win32
		{8768BEC8-D6BC-4091-ADCC-45EDD8EF2BD4}.Release|x64.ActiveCfg = Release|x64
		{8768BEC8-D6BC-4091-ADCC-45EDD8EF2BD4}.Release|x64.Build.0 = Release|x64
		{8768BEC8-D6BC-4091-ADCC-45EDD8EF2BD4}.Release|x86.ActiveCfg = Release|Win32
		{8768BEC8-D6BC-4091-ADCC-45EDD8EF2BD4}.Release|x86.Build.0 = Release|Win32
		{EC7A1344-2DFC-4647-902B-FD27E2417FDA}.Debug|Any CPU.ActiveCfg = Debug|Win32
		{EC7A1344-2DFC-4647-902B-FD27E2417FDA}.Debug|x64.ActiveCfg = Debug|x64
		{EC7A1344-2DFC-4647-902B-FD27E2417FDA}.Debug|x64.Build.0 = Debug|x64
		{EC7A1344-2DFC-4647-902B-FD27E2417FDA}.Debug|x86.ActiveCfg = Debug|Win32
		{EC7A1344-2DFC-4647-902B-FD27E2417FDA}.Debug|x86.Build.0 = Debug|Win32
		{EC7A1344-2DFC-4647-902B-FD27E2417FDA}.Release|Any CPU.ActiveCfg = Release|Win32
		{EC7A1344-2DFC-4647-902B-FD27E2417FDA}.Release|x64.ActiveCfg = Release|x64
		{EC7A1344-2DFC-4647-902B-FD27E2417FDA}.Release|x64.Build.0 = Release|x64
		{EC7A1344-2DFC-4647-902B-FD27E2417FDA}.Release|x86.ActiveCfg = Release|Win32
		{EC7A1344-2DFC-4647-902B-FD27E2417FDA}.Release|x86.Build.0 = Release|Win32
		{94801508-92DC-4ADD-8C82-AF346D8E5C7B}.Debug|Any CPU.ActiveCfg = Debug|Win32
		{94801508-92DC-4ADD-8C82-AF346D8E5C7B}.Debug|x64.ActiveCfg = Debug|x64
		{94801508-92DC-4ADD-8C82-AF346D8E5C7B}.Debug|x64.Build.0 = Debug|x64
		{94801508-92DC-4ADD-8C82-AF346D8E5C7B}.Debug|x86.ActiveCfg = Debug|Win32
		{94801508-92DC-4ADD-8C82-AF346D8E5C7B}.Debug|x86.Build.0 = Debug|Win32
		{94801508-92DC-4ADD-8C82-AF346D8E5C7B}.Release|Any CPU.ActiveCfg = Release|Win32
		{94801508-92DC-4ADD-8C82-AF346D8E5C7B}.Release|x64.ActiveCfg = Release|x64
		{94801508-92DC-4ADD-8C82-AF346D8E5C7B}.Release|x64.Build.0 = Release|x64
		{94801508-92DC-4ADD-8C82-AF346D8E5C7B}.Release|x86.ActiveCfg = Release|Win32
		{94801508-92DC-4ADD-8C82-AF346D8E5C7B}.Release|x86.Build.0 = Release|Win32
		{A51BF8A6-ED52-4E3C-8384-EA6D2562E08B}.Debug|Any CPU.ActiveCfg = Debug|Win32
		{A51BF8A6-ED52-4E3C-8384-EA6D2562E08B}.Debug|x64.ActiveCfg = Debug|x64
		{A51BF8A6-ED52-4E3C-8384-EA6D2562E08B}.Debug|x64.Build.0 = Debug|x64
		{A51BF8A6-ED52-4E3C-8384-EA6D2562E08B}.Debug|x86.ActiveCfg = Debug|Win32
		{A51BF8A6-ED52-4E3C-8384-EA6D2562E08B}.Debug|x86.Build.0 = Debug|Win32
		{A51BF8A6-ED52-4E3C-8384-EA6D2562E08B}.Release|Any CPU.ActiveCfg = Release|Win32
		{A51BF8A6-ED52-4E3C-8384-EA6D2562E08B}.Release|x64.ActiveCfg = Release|x64
		{A51BF8A6-ED52-4E3C-8384-EA6D2562E08B}.Release|x64.Build.0 = Release|x64
		{A51BF8A6-ED52-4E3C-8384-EA6D2562E08B}.Release|x86.ActiveCfg = Release|Win32
		{A51BF8A6-ED52-4E3C-8384-EA6D2562E08B}.Release|x86.Build.0 = Release|Win32
		{446B1A48-CD6B-4C54-A303-C825A7DF2A92}.Debug|Any CPU.ActiveCfg = Debug|Win32
		{446B1A48-CD6B-4C54-A303-C825A7DF2A92}.Debug|x64.ActiveCfg = Debug|x64
		{446B1A48-CD6B-4C54-A303-C825A7DF2A92}.Debug|x64.Build.0 = Debug|x64
		{446B1A48-CD6B-4C54-A303-C825A7DF2A92}.Debug|x86.ActiveCfg = Debug|Win32
		{446B1A48-CD6B-4C54-A303-C825A7DF2A92}.Debug|x86.Build.0 = Debug|Win32
		{446B1A48-CD6B-4C54-A303-C825A7DF2A92}.Release|Any CPU.ActiveCfg = Release|Win32
		{446B1A48-CD6B-4C54-A303-C825A7DF2A92}.Release|x64.ActiveCfg = Release|x64
		{446B1A48-CD6B-4C54-A303-C825A7DF2A92}.Release|x64.Build.0 = Release|x64
		{446B1A48-CD6B-4C54-A303-C825A7DF2A92}.Release|x86.ActiveCfg = Release|Win32
		{446B1A48-CD6B-4C54-A303-C825A7DF2A92}.Release|x86.Build.0 = Release|Win32
		{2CB8DF9B-D926-487D-B8DC-CF8F8322811E}.Debug|Any CPU.ActiveCfg = Debug|Win32
		{2CB8DF9B-D926-487D-B8DC-CF8F8322811E}.Debug|x64.ActiveCfg = Debug|x64
		{2CB8DF9B-D926-487D-B8DC-CF8F8322811E}.Debug|x64.Build.0 = Debug|x64
		{2CB8DF9B-D926-487D-B8DC-CF8F8322811E}.Debug|x86.ActiveCfg = Debug|Win32
		{2CB8DF9B-D926-487D-B8DC-CF8F8322811E}.Debug|x86.Build.0 = Debug|Win32
		{2CB8DF9B-D926-487D-B8DC-CF8F8322811E}.Release|Any CPU.ActiveCfg = Release|Win32
		{2CB8DF9B-D926-487D-B8DC-CF8F8322811E}.Release|x64.ActiveCfg = Release|x64
		{2CB8DF9B-D926-487D-B8DC-CF8F8322811E}.Release|x64.Build.0 = Release|x64
		{2CB8DF9B-D926-487D-B8DC-CF8F8322811E}.Release|x86.ActiveCfg = Release|Win32
		{2CB8DF9B-D926-487D-B8DC-CF8F8322811E}.Release|x86.Build.0 = Release|Win32
		{E40604F9-A26D-4E94-BADC-84D677C5240C}.Debug|Any CPU.ActiveCfg = Debug|Win32
		{E40604F9-A26D-4E94-BADC-84D677C5240C}.Debug|x64.ActiveCfg = Debug|x64
		{E40604F9-A26D-4E94-BADC-84D677C5240C}.Debug|x64.Build.0 = Debug|x64
		{E40604F9-A26D-4E94-BADC-84D677C5240C}.Debug|x86.ActiveCfg = Debug|Win32
		{E40604F9-A26D-4E94-BADC-84D677C5240C}.Debug|x86.Build.0 = Debug|Win32
		{E40604F9-A26D-4E94-BADC-84D677C5240C}.Release|Any CPU.ActiveCfg = Release|Win32
		{E40604F9-A26D-4E94-BADC-84D677C5240C}.Release|x64.ActiveCfg = Release|x64
		{E40604F9-A26D-4E94-BADC-84D677C5240C}.Release|x64.Build.0 = Release|x64
		{E40604F9-A26D-4E94-BADC-84D677C5240C}.Release|x86.ActiveCfg = Release|Win32
		{E40604F9-A26D-4E94-BADC-84D677C5240C}.Release|x86.Build.0 = Release|Win32
	EndGlobalSection
	GlobalSection(SolutionProperties) = preSolution
		HideSolutionNode = FALSE
	EndGlobalSection
	GlobalSection(ExtensibilityGlobals) = postSolution
		SolutionGuid = {BB03B6E1-C386-43BD-9475-A1E7FF890902}
	EndGlobalSection
EndGlobal
