
Microsoft Visual Studio Solution File, Format Version 12.00
# Visual Studio Version 16
VisualStudioVersion = 16.0.33801.447
MinimumVisualStudioVersion = 10.0.40219.1
Project("{8BC9CEB8-8B4A-11D0-8D11-00A0C91BC942}") = "Lab_02", "Lab_02\Lab_02.vcxproj", "{60EF7A3A-00C1-486E-AC18-11524D9FF6EC}"
EndProject
Project("{8BC9CEB8-8B4A-11D0-8D11-00A0C91BC942}") = "Test", "..\Test\Test.vcxproj", "{70F5F361-708B-41B7-B63D-719DAFA7EF0A}"
EndProject
Project("{8BC9CEB8-8B4A-11D0-8D11-00A0C91BC942}") = "Less_05_ex_04_dynamic_memory_alloc", "Less_05_ex_04_dynamic_memory_alloc\Less_05_ex_04_dynamic_memory_alloc.vcxproj", "{C73DA2F0-EE1B-4449-98F2-FFDE8D6D14A9}"
EndProject
Project("{8BC9CEB8-8B4A-11D0-8D11-00A0C91BC942}") = "Less_05_ex_05_dynamic_memory_array", "Less_05_ex_05_dynamic_memory_array\Less_05_ex_05_dynamic_memory_array.vcxproj", "{6C7B3B00-B7FE-4902-A9A6-A1CB68F5B5D7}"
EndProject
Project("{8BC9CEB8-8B4A-11D0-8D11-00A0C91BC942}") = "Less_05_ex_01_composition", "Less_05_ex_01_composition\Less_05_ex_01_composition.vcxproj", "{D3A0AC64-B769-4D09-9167-A54203DB72D6}"
EndProject
Project("{8BC9CEB8-8B4A-11D0-8D11-00A0C91BC942}") = "Less_05_ex_02_friend_functions", "Less_05_ex_02_friend_functions\Less_05_ex_01_friend.vcxproj", "{CCB8C49B-52B2-421E-A606-C9186BC1ACBE}"
EndProject
Project("{8BC9CEB8-8B4A-11D0-8D11-00A0C91BC942}") = "Less_05_ex_03_friend_classes", "Less_05_ex_03_friend_classes\Less_05_ex_2_friend_classes.vcxproj", "{9238B92C-D07A-4786-891D-C6E2C533572E}"
EndProject
Project("{8BC9CEB8-8B4A-11D0-8D11-00A0C91BC942}") = "Less_06_ex_01_dynamic_mem", "Less_06_ex_01_dynamic_mem\Less_06_ex_01_dynamic_mem.vcxproj", "{25872549-A2BF-4E18-96FB-FAB233A8FFEF}"
EndProject
Project("{8BC9CEB8-8B4A-11D0-8D11-00A0C91BC942}") = "Less_06_ex_02_this_pointer", "Less_06_ex_02_this_pointer\Less_06_ex_02_this_pointer.vcxproj", "{EAB72BCE-A9B9-4ADC-9798-D03EAB0833FE}"
EndProject
Project("{8BC9CEB8-8B4A-11D0-8D11-00A0C91BC942}") = "Less_06_ex_03_copy_constr", "Less_06_ex_03_copy_constr\Less_06_ex_03_copy_constr.vcxproj", "{2D39C115-5174-4556-B919-742601BAF65F}"
EndProject
Project("{8BC9CEB8-8B4A-11D0-8D11-00A0C91BC942}") = "Lab_03_Circle", "Lab_03_Circle\Lab_03_Circle.vcxproj", "{37DEF232-643F-4203-9D8A-34724F430E74}"
EndProject
Project("{8BC9CEB8-8B4A-11D0-8D11-00A0C91BC942}") = "Less_07_ex_01_operator_overloading_class_Complex", "Less_07_ex_01_operator_overloading_class_Complex\Less_07_ex_01_operator_overloading_class_Complex.vcxproj", "{57FF4389-CAFA-4296-9F20-A4C217CC4378}"
EndProject
Project("{8BC9CEB8-8B4A-11D0-8D11-00A0C91BC942}") = "Less_07_ex_02_Array", "Less_07_ex_02_Array\Less_07_ex_02_Array.vcxproj", "{9D256F76-B51F-4AC3-87DA-B449DD9BA5C7}"
EndProject
Project("{8BC9CEB8-8B4A-11D0-8D11-00A0C91BC942}") = "Lab_04_polymonial", "Lab_04\Lab_04.vcxproj", "{37E698BD-4CC0-4024-A15F-90024F97B2DC}"
EndProject
Project("{8BC9CEB8-8B4A-11D0-8D11-00A0C91BC942}") = "Less_08_inheritance", "Less_08_inheritance\Less_08_inheritance.vcxproj", "{604B2E1A-70F6-4E09-8A21-BF27CA005BD3}"
EndProject
Project("{8BC9CEB8-8B4A-11D0-8D11-00A0C91BC942}") = "Less_08_inheritance_friend", "Less_08_inheritance_friend\Less_08_inheritance_friend.vcxproj", "{AACDE1F4-135E-4E59-9844-2B26EF0622BB}"
EndProject
Project("{8BC9CEB8-8B4A-11D0-8D11-00A0C91BC942}") = "Less_09_polymorphism", "Less_09_polymorphism\Less_09_polymorphism.vcxproj", "{2EA226B4-2261-40B7-BA3C-1D502CDB00F5}"
EndProject
Project("{8BC9CEB8-8B4A-11D0-8D11-00A0C91BC942}") = "Less_09_polymorphism_2", "Less_09_pilymorphism_2\Less_09_pilymorphism_2.vcxproj", "{EE225C59-9599-497C-A84C-C23D7327E12E}"
EndProject
Global
	GlobalSection(SolutionConfigurationPlatforms) = preSolution
		Debug|x64 = Debug|x64
		Debug|x86 = Debug|x86
		Release|x64 = Release|x64
		Release|x86 = Release|x86
	EndGlobalSection
	GlobalSection(ProjectConfigurationPlatforms) = postSolution
		{60EF7A3A-00C1-486E-AC18-11524D9FF6EC}.Debug|x64.ActiveCfg = Debug|x64
		{60EF7A3A-00C1-486E-AC18-11524D9FF6EC}.Debug|x64.Build.0 = Debug|x64
		{60EF7A3A-00C1-486E-AC18-11524D9FF6EC}.Debug|x86.ActiveCfg = Debug|Win32
		{60EF7A3A-00C1-486E-AC18-11524D9FF6EC}.Debug|x86.Build.0 = Debug|Win32
		{60EF7A3A-00C1-486E-AC18-11524D9FF6EC}.Release|x64.ActiveCfg = Release|x64
		{60EF7A3A-00C1-486E-AC18-11524D9FF6EC}.Release|x64.Build.0 = Release|x64
		{60EF7A3A-00C1-486E-AC18-11524D9FF6EC}.Release|x86.ActiveCfg = Release|Win32
		{60EF7A3A-00C1-486E-AC18-11524D9FF6EC}.Release|x86.Build.0 = Release|Win32
		{70F5F361-708B-41B7-B63D-719DAFA7EF0A}.Debug|x64.ActiveCfg = Debug|x64
		{70F5F361-708B-41B7-B63D-719DAFA7EF0A}.Debug|x64.Build.0 = Debug|x64
		{70F5F361-708B-41B7-B63D-719DAFA7EF0A}.Debug|x86.ActiveCfg = Debug|Win32
		{70F5F361-708B-41B7-B63D-719DAFA7EF0A}.Debug|x86.Build.0 = Debug|Win32
		{70F5F361-708B-41B7-B63D-719DAFA7EF0A}.Release|x64.ActiveCfg = Release|x64
		{70F5F361-708B-41B7-B63D-719DAFA7EF0A}.Release|x64.Build.0 = Release|x64
		{70F5F361-708B-41B7-B63D-719DAFA7EF0A}.Release|x86.ActiveCfg = Release|Win32
		{70F5F361-708B-41B7-B63D-719DAFA7EF0A}.Release|x86.Build.0 = Release|Win32
		{C73DA2F0-EE1B-4449-98F2-FFDE8D6D14A9}.Debug|x64.ActiveCfg = Debug|x64
		{C73DA2F0-EE1B-4449-98F2-FFDE8D6D14A9}.Debug|x64.Build.0 = Debug|x64
		{C73DA2F0-EE1B-4449-98F2-FFDE8D6D14A9}.Debug|x86.ActiveCfg = Debug|Win32
		{C73DA2F0-EE1B-4449-98F2-FFDE8D6D14A9}.Debug|x86.Build.0 = Debug|Win32
		{C73DA2F0-EE1B-4449-98F2-FFDE8D6D14A9}.Release|x64.ActiveCfg = Release|x64
		{C73DA2F0-EE1B-4449-98F2-FFDE8D6D14A9}.Release|x64.Build.0 = Release|x64
		{C73DA2F0-EE1B-4449-98F2-FFDE8D6D14A9}.Release|x86.ActiveCfg = Release|Win32
		{C73DA2F0-EE1B-4449-98F2-FFDE8D6D14A9}.Release|x86.Build.0 = Release|Win32
		{6C7B3B00-B7FE-4902-A9A6-A1CB68F5B5D7}.Debug|x64.ActiveCfg = Debug|x64
		{6C7B3B00-B7FE-4902-A9A6-A1CB68F5B5D7}.Debug|x64.Build.0 = Debug|x64
		{6C7B3B00-B7FE-4902-A9A6-A1CB68F5B5D7}.Debug|x86.ActiveCfg = Debug|Win32
		{6C7B3B00-B7FE-4902-A9A6-A1CB68F5B5D7}.Debug|x86.Build.0 = Debug|Win32
		{6C7B3B00-B7FE-4902-A9A6-A1CB68F5B5D7}.Release|x64.ActiveCfg = Release|x64
		{6C7B3B00-B7FE-4902-A9A6-A1CB68F5B5D7}.Release|x64.Build.0 = Release|x64
		{6C7B3B00-B7FE-4902-A9A6-A1CB68F5B5D7}.Release|x86.ActiveCfg = Release|Win32
		{6C7B3B00-B7FE-4902-A9A6-A1CB68F5B5D7}.Release|x86.Build.0 = Release|Win32
		{D3A0AC64-B769-4D09-9167-A54203DB72D6}.Debug|x64.ActiveCfg = Debug|x64
		{D3A0AC64-B769-4D09-9167-A54203DB72D6}.Debug|x64.Build.0 = Debug|x64
		{D3A0AC64-B769-4D09-9167-A54203DB72D6}.Debug|x86.ActiveCfg = Debug|Win32
		{D3A0AC64-B769-4D09-9167-A54203DB72D6}.Debug|x86.Build.0 = Debug|Win32
		{D3A0AC64-B769-4D09-9167-A54203DB72D6}.Release|x64.ActiveCfg = Release|x64
		{D3A0AC64-B769-4D09-9167-A54203DB72D6}.Release|x64.Build.0 = Release|x64
		{D3A0AC64-B769-4D09-9167-A54203DB72D6}.Release|x86.ActiveCfg = Release|Win32
		{D3A0AC64-B769-4D09-9167-A54203DB72D6}.Release|x86.Build.0 = Release|Win32
		{CCB8C49B-52B2-421E-A606-C9186BC1ACBE}.Debug|x64.ActiveCfg = Debug|x64
		{CCB8C49B-52B2-421E-A606-C9186BC1ACBE}.Debug|x64.Build.0 = Debug|x64
		{CCB8C49B-52B2-421E-A606-C9186BC1ACBE}.Debug|x86.ActiveCfg = Debug|Win32
		{CCB8C49B-52B2-421E-A606-C9186BC1ACBE}.Debug|x86.Build.0 = Debug|Win32
		{CCB8C49B-52B2-421E-A606-C9186BC1ACBE}.Release|x64.ActiveCfg = Release|x64
		{CCB8C49B-52B2-421E-A606-C9186BC1ACBE}.Release|x64.Build.0 = Release|x64
		{CCB8C49B-52B2-421E-A606-C9186BC1ACBE}.Release|x86.ActiveCfg = Release|Win32
		{CCB8C49B-52B2-421E-A606-C9186BC1ACBE}.Release|x86.Build.0 = Release|Win32
		{9238B92C-D07A-4786-891D-C6E2C533572E}.Debug|x64.ActiveCfg = Debug|x64
		{9238B92C-D07A-4786-891D-C6E2C533572E}.Debug|x64.Build.0 = Debug|x64
		{9238B92C-D07A-4786-891D-C6E2C533572E}.Debug|x86.ActiveCfg = Debug|Win32
		{9238B92C-D07A-4786-891D-C6E2C533572E}.Debug|x86.Build.0 = Debug|Win32
		{9238B92C-D07A-4786-891D-C6E2C533572E}.Release|x64.ActiveCfg = Release|x64
		{9238B92C-D07A-4786-891D-C6E2C533572E}.Release|x64.Build.0 = Release|x64
		{9238B92C-D07A-4786-891D-C6E2C533572E}.Release|x86.ActiveCfg = Release|Win32
		{9238B92C-D07A-4786-891D-C6E2C533572E}.Release|x86.Build.0 = Release|Win32
		{25872549-A2BF-4E18-96FB-FAB233A8FFEF}.Debug|x64.ActiveCfg = Debug|x64
		{25872549-A2BF-4E18-96FB-FAB233A8FFEF}.Debug|x64.Build.0 = Debug|x64
		{25872549-A2BF-4E18-96FB-FAB233A8FFEF}.Debug|x86.ActiveCfg = Debug|Win32
		{25872549-A2BF-4E18-96FB-FAB233A8FFEF}.Debug|x86.Build.0 = Debug|Win32
		{25872549-A2BF-4E18-96FB-FAB233A8FFEF}.Release|x64.ActiveCfg = Release|x64
		{25872549-A2BF-4E18-96FB-FAB233A8FFEF}.Release|x64.Build.0 = Release|x64
		{25872549-A2BF-4E18-96FB-FAB233A8FFEF}.Release|x86.ActiveCfg = Release|Win32
		{25872549-A2BF-4E18-96FB-FAB233A8FFEF}.Release|x86.Build.0 = Release|Win32
		{EAB72BCE-A9B9-4ADC-9798-D03EAB0833FE}.Debug|x64.ActiveCfg = Debug|x64
		{EAB72BCE-A9B9-4ADC-9798-D03EAB0833FE}.Debug|x64.Build.0 = Debug|x64
		{EAB72BCE-A9B9-4ADC-9798-D03EAB0833FE}.Debug|x86.ActiveCfg = Debug|Win32
		{EAB72BCE-A9B9-4ADC-9798-D03EAB0833FE}.Debug|x86.Build.0 = Debug|Win32
		{EAB72BCE-A9B9-4ADC-9798-D03EAB0833FE}.Release|x64.ActiveCfg = Release|x64
		{EAB72BCE-A9B9-4ADC-9798-D03EAB0833FE}.Release|x64.Build.0 = Release|x64
		{EAB72BCE-A9B9-4ADC-9798-D03EAB0833FE}.Release|x86.ActiveCfg = Release|Win32
		{EAB72BCE-A9B9-4ADC-9798-D03EAB0833FE}.Release|x86.Build.0 = Release|Win32
		{2D39C115-5174-4556-B919-742601BAF65F}.Debug|x64.ActiveCfg = Debug|x64
		{2D39C115-5174-4556-B919-742601BAF65F}.Debug|x64.Build.0 = Debug|x64
		{2D39C115-5174-4556-B919-742601BAF65F}.Debug|x86.ActiveCfg = Debug|Win32
		{2D39C115-5174-4556-B919-742601BAF65F}.Debug|x86.Build.0 = Debug|Win32
		{2D39C115-5174-4556-B919-742601BAF65F}.Release|x64.ActiveCfg = Release|x64
		{2D39C115-5174-4556-B919-742601BAF65F}.Release|x64.Build.0 = Release|x64
		{2D39C115-5174-4556-B919-742601BAF65F}.Release|x86.ActiveCfg = Release|Win32
		{2D39C115-5174-4556-B919-742601BAF65F}.Release|x86.Build.0 = Release|Win32
		{37DEF232-643F-4203-9D8A-34724F430E74}.Debug|x64.ActiveCfg = Debug|x64
		{37DEF232-643F-4203-9D8A-34724F430E74}.Debug|x64.Build.0 = Debug|x64
		{37DEF232-643F-4203-9D8A-34724F430E74}.Debug|x86.ActiveCfg = Debug|Win32
		{37DEF232-643F-4203-9D8A-34724F430E74}.Debug|x86.Build.0 = Debug|Win32
		{37DEF232-643F-4203-9D8A-34724F430E74}.Release|x64.ActiveCfg = Release|x64
		{37DEF232-643F-4203-9D8A-34724F430E74}.Release|x64.Build.0 = Release|x64
		{37DEF232-643F-4203-9D8A-34724F430E74}.Release|x86.ActiveCfg = Release|Win32
		{37DEF232-643F-4203-9D8A-34724F430E74}.Release|x86.Build.0 = Release|Win32
		{57FF4389-CAFA-4296-9F20-A4C217CC4378}.Debug|x64.ActiveCfg = Debug|x64
		{57FF4389-CAFA-4296-9F20-A4C217CC4378}.Debug|x64.Build.0 = Debug|x64
		{57FF4389-CAFA-4296-9F20-A4C217CC4378}.Debug|x86.ActiveCfg = Debug|Win32
		{57FF4389-CAFA-4296-9F20-A4C217CC4378}.Debug|x86.Build.0 = Debug|Win32
		{57FF4389-CAFA-4296-9F20-A4C217CC4378}.Release|x64.ActiveCfg = Release|x64
		{57FF4389-CAFA-4296-9F20-A4C217CC4378}.Release|x64.Build.0 = Release|x64
		{57FF4389-CAFA-4296-9F20-A4C217CC4378}.Release|x86.ActiveCfg = Release|Win32
		{57FF4389-CAFA-4296-9F20-A4C217CC4378}.Release|x86.Build.0 = Release|Win32
		{9D256F76-B51F-4AC3-87DA-B449DD9BA5C7}.Debug|x64.ActiveCfg = Debug|x64
		{9D256F76-B51F-4AC3-87DA-B449DD9BA5C7}.Debug|x64.Build.0 = Debug|x64
		{9D256F76-B51F-4AC3-87DA-B449DD9BA5C7}.Debug|x86.ActiveCfg = Debug|Win32
		{9D256F76-B51F-4AC3-87DA-B449DD9BA5C7}.Debug|x86.Build.0 = Debug|Win32
		{9D256F76-B51F-4AC3-87DA-B449DD9BA5C7}.Release|x64.ActiveCfg = Release|x64
		{9D256F76-B51F-4AC3-87DA-B449DD9BA5C7}.Release|x64.Build.0 = Release|x64
		{9D256F76-B51F-4AC3-87DA-B449DD9BA5C7}.Release|x86.ActiveCfg = Release|Win32
		{9D256F76-B51F-4AC3-87DA-B449DD9BA5C7}.Release|x86.Build.0 = Release|Win32
		{37E698BD-4CC0-4024-A15F-90024F97B2DC}.Debug|x64.ActiveCfg = Debug|x64
		{37E698BD-4CC0-4024-A15F-90024F97B2DC}.Debug|x64.Build.0 = Debug|x64
		{37E698BD-4CC0-4024-A15F-90024F97B2DC}.Debug|x86.ActiveCfg = Debug|Win32
		{37E698BD-4CC0-4024-A15F-90024F97B2DC}.Debug|x86.Build.0 = Debug|Win32
		{37E698BD-4CC0-4024-A15F-90024F97B2DC}.Release|x64.ActiveCfg = Release|x64
		{37E698BD-4CC0-4024-A15F-90024F97B2DC}.Release|x64.Build.0 = Release|x64
		{37E698BD-4CC0-4024-A15F-90024F97B2DC}.Release|x86.ActiveCfg = Release|Win32
		{37E698BD-4CC0-4024-A15F-90024F97B2DC}.Release|x86.Build.0 = Release|Win32
		{604B2E1A-70F6-4E09-8A21-BF27CA005BD3}.Debug|x64.ActiveCfg = Debug|x64
		{604B2E1A-70F6-4E09-8A21-BF27CA005BD3}.Debug|x64.Build.0 = Debug|x64
		{604B2E1A-70F6-4E09-8A21-BF27CA005BD3}.Debug|x86.ActiveCfg = Debug|Win32
		{604B2E1A-70F6-4E09-8A21-BF27CA005BD3}.Debug|x86.Build.0 = Debug|Win32
		{604B2E1A-70F6-4E09-8A21-BF27CA005BD3}.Release|x64.ActiveCfg = Release|x64
		{604B2E1A-70F6-4E09-8A21-BF27CA005BD3}.Release|x64.Build.0 = Release|x64
		{604B2E1A-70F6-4E09-8A21-BF27CA005BD3}.Release|x86.ActiveCfg = Release|Win32
		{604B2E1A-70F6-4E09-8A21-BF27CA005BD3}.Release|x86.Build.0 = Release|Win32
		{AACDE1F4-135E-4E59-9844-2B26EF0622BB}.Debug|x64.ActiveCfg = Debug|x64
		{AACDE1F4-135E-4E59-9844-2B26EF0622BB}.Debug|x64.Build.0 = Debug|x64
		{AACDE1F4-135E-4E59-9844-2B26EF0622BB}.Debug|x86.ActiveCfg = Debug|Win32
		{AACDE1F4-135E-4E59-9844-2B26EF0622BB}.Debug|x86.Build.0 = Debug|Win32
		{AACDE1F4-135E-4E59-9844-2B26EF0622BB}.Release|x64.ActiveCfg = Release|x64
		{AACDE1F4-135E-4E59-9844-2B26EF0622BB}.Release|x64.Build.0 = Release|x64
		{AACDE1F4-135E-4E59-9844-2B26EF0622BB}.Release|x86.ActiveCfg = Release|Win32
		{AACDE1F4-135E-4E59-9844-2B26EF0622BB}.Release|x86.Build.0 = Release|Win32
		{2EA226B4-2261-40B7-BA3C-1D502CDB00F5}.Debug|x64.ActiveCfg = Debug|x64
		{2EA226B4-2261-40B7-BA3C-1D502CDB00F5}.Debug|x64.Build.0 = Debug|x64
		{2EA226B4-2261-40B7-BA3C-1D502CDB00F5}.Debug|x86.ActiveCfg = Debug|Win32
		{2EA226B4-2261-40B7-BA3C-1D502CDB00F5}.Debug|x86.Build.0 = Debug|Win32
		{2EA226B4-2261-40B7-BA3C-1D502CDB00F5}.Release|x64.ActiveCfg = Release|x64
		{2EA226B4-2261-40B7-BA3C-1D502CDB00F5}.Release|x64.Build.0 = Release|x64
		{2EA226B4-2261-40B7-BA3C-1D502CDB00F5}.Release|x86.ActiveCfg = Release|Win32
		{2EA226B4-2261-40B7-BA3C-1D502CDB00F5}.Release|x86.Build.0 = Release|Win32
		{EE225C59-9599-497C-A84C-C23D7327E12E}.Debug|x64.ActiveCfg = Debug|x64
		{EE225C59-9599-497C-A84C-C23D7327E12E}.Debug|x64.Build.0 = Debug|x64
		{EE225C59-9599-497C-A84C-C23D7327E12E}.Debug|x86.ActiveCfg = Debug|Win32
		{EE225C59-9599-497C-A84C-C23D7327E12E}.Debug|x86.Build.0 = Debug|Win32
		{EE225C59-9599-497C-A84C-C23D7327E12E}.Release|x64.ActiveCfg = Release|x64
		{EE225C59-9599-497C-A84C-C23D7327E12E}.Release|x64.Build.0 = Release|x64
		{EE225C59-9599-497C-A84C-C23D7327E12E}.Release|x86.ActiveCfg = Release|Win32
		{EE225C59-9599-497C-A84C-C23D7327E12E}.Release|x86.Build.0 = Release|Win32
	EndGlobalSection
	GlobalSection(SolutionProperties) = preSolution
		HideSolutionNode = FALSE
	EndGlobalSection
	GlobalSection(ExtensibilityGlobals) = postSolution
		SolutionGuid = {BB03B6E1-C386-43BD-9475-A1E7FF890902}
	EndGlobalSection
EndGlobal
